<?xml version="1.0" encoding="utf-8"?>
<Project ToolsVersion="4.0" xmlns="http://schemas.microsoft.com/developer/msbuild/2003">
  <ItemGroup>
    <Filter Include="Emulator">
      <UniqueIdentifier>{782c02f3-3325-4fa1-a1e1-0e4eb7a60d0a}</UniqueIdentifier>
    </Filter>
    <Filter Include="VMProtect">
      <UniqueIdentifier>{50a33830-2ebf-4ddb-aac5-7458941a307f}</UniqueIdentifier>
    </Filter>
    <Filter Include="asmjit">
      <UniqueIdentifier>{18a5ae17-3715-4c60-ba7f-c7e8114e7fda}</UniqueIdentifier>
    </Filter>
    <Filter Include="asmjit\core">
      <UniqueIdentifier>{e84d70d1-965c-441e-9244-c62862a4661b}</UniqueIdentifier>
    </Filter>
    <Filter Include="asmjit\x86">
      <UniqueIdentifier>{db75b08a-0fa7-476f-92a8-694fc26913e6}</UniqueIdentifier>
    </Filter>
    <Filter Include="asmjit\arm">
      <UniqueIdentifier>{7eac9b3c-e59f-47fb-929a-a63fe6d62ca9}</UniqueIdentifier>
    </Filter>
  </ItemGroup>
  <ItemGroup>
    <ClCompile Include="emulator\emulator.cpp">
      <Filter>Emulator</Filter>
    </ClCompile>
    <ClCompile Include="emulator\rwx_allocator.cpp">
      <Filter>Emulator</Filter>
    </ClCompile>
    <ClCompile Include="main.cpp" />
    <ClCompile Include="vmprotect\architecture.cpp">
      <Filter>VMProtect</Filter>
    </ClCompile>
    <ClCompile Include="vmprotect\il2vtil.cpp">
      <Filter>VMProtect</Filter>
    </ClCompile>
    <ClCompile Include="vmprotect\subroutines.cpp">
      <Filter>VMProtect</Filter>
    </ClCompile>
    <ClCompile Include="vmprotect\vtil_lifter.cpp">
      <Filter>VMProtect</Filter>
    </ClCompile>
    <ClCompile Include="..\asmjit\src\asmjit\core\archtraits.cpp">
      <Filter>asmjit\core</Filter>
    </ClCompile>
    <ClCompile Include="..\asmjit\src\asmjit\core\assembler.cpp">
      <Filter>asmjit\core</Filter>
    </ClCompile>
    <ClCompile Include="..\asmjit\src\asmjit\core\builder.cpp">
      <Filter>asmjit\core</Filter>
    </ClCompile>
    <ClCompile Include="..\asmjit\src\asmjit\core\codeholder.cpp">
      <Filter>asmjit\core</Filter>
    </ClCompile>
    <ClCompile Include="..\asmjit\src\asmjit\core\codewriter.cpp">
      <Filter>asmjit\core</Filter>
    </ClCompile>
    <ClCompile Include="..\asmjit\src\asmjit\core\compiler.cpp">
      <Filter>asmjit\core</Filter>
    </ClCompile>
    <ClCompile Include="..\asmjit\src\asmjit\core\constpool.cpp">
      <Filter>asmjit\core</Filter>
    </ClCompile>
    <ClCompile Include="..\asmjit\src\asmjit\core\cpuinfo.cpp">
      <Filter>asmjit\core</Filter>
    </ClCompile>
    <ClCompile Include="..\asmjit\src\asmjit\core\emithelper.cpp">
      <Filter>asmjit\core</Filter>
    </ClCompile>
    <ClCompile Include="..\asmjit\src\asmjit\core\emitter.cpp">
      <Filter>asmjit\core</Filter>
    </ClCompile>
    <ClCompile Include="..\asmjit\src\asmjit\core\emitterutils.cpp">
      <Filter>asmjit\core</Filter>
    </ClCompile>
    <ClCompile Include="..\asmjit\src\asmjit\core\environment.cpp">
      <Filter>asmjit\core</Filter>
    </ClCompile>
    <ClCompile Include="..\asmjit\src\asmjit\core\errorhandler.cpp">
      <Filter>asmjit\core</Filter>
    </ClCompile>
    <ClCompile Include="..\asmjit\src\asmjit\core\formatter.cpp">
      <Filter>asmjit\core</Filter>
    </ClCompile>
    <ClCompile Include="..\asmjit\src\asmjit\core\func.cpp">
      <Filter>asmjit\core</Filter>
    </ClCompile>
    <ClCompile Include="..\asmjit\src\asmjit\core\funcargscontext.cpp">
      <Filter>asmjit\core</Filter>
    </ClCompile>
    <ClCompile Include="..\asmjit\src\asmjit\core\globals.cpp">
      <Filter>asmjit\core</Filter>
    </ClCompile>
    <ClCompile Include="..\asmjit\src\asmjit\core\inst.cpp">
      <Filter>asmjit\core</Filter>
    </ClCompile>
    <ClCompile Include="..\asmjit\src\asmjit\core\jitallocator.cpp">
      <Filter>asmjit\core</Filter>
    </ClCompile>
    <ClCompile Include="..\asmjit\src\asmjit\core\jitruntime.cpp">
      <Filter>asmjit\core</Filter>
    </ClCompile>
    <ClCompile Include="..\asmjit\src\asmjit\core\logger.cpp">
      <Filter>asmjit\core</Filter>
    </ClCompile>
    <ClCompile Include="..\asmjit\src\asmjit\core\operand.cpp">
      <Filter>asmjit\core</Filter>
    </ClCompile>
    <ClCompile Include="..\asmjit\src\asmjit\core\osutils.cpp">
      <Filter>asmjit\core</Filter>
    </ClCompile>
    <ClCompile Include="..\asmjit\src\asmjit\core\ralocal.cpp">
      <Filter>asmjit\core</Filter>
    </ClCompile>
    <ClCompile Include="..\asmjit\src\asmjit\core\rapass.cpp">
      <Filter>asmjit\core</Filter>
    </ClCompile>
    <ClCompile Include="..\asmjit\src\asmjit\core\rastack.cpp">
      <Filter>asmjit\core</Filter>
    </ClCompile>
    <ClCompile Include="..\asmjit\src\asmjit\core\string.cpp">
      <Filter>asmjit\core</Filter>
    </ClCompile>
    <ClCompile Include="..\asmjit\src\asmjit\core\support.cpp">
      <Filter>asmjit\core</Filter>
    </ClCompile>
    <ClCompile Include="..\asmjit\src\asmjit\core\target.cpp">
      <Filter>asmjit\core</Filter>
    </ClCompile>
    <ClCompile Include="..\asmjit\src\asmjit\core\type.cpp">
      <Filter>asmjit\core</Filter>
    </ClCompile>
    <ClCompile Include="..\asmjit\src\asmjit\core\virtmem.cpp">
      <Filter>asmjit\core</Filter>
    </ClCompile>
    <ClCompile Include="..\asmjit\src\asmjit\core\zone.cpp">
      <Filter>asmjit\core</Filter>
    </ClCompile>
    <ClCompile Include="..\asmjit\src\asmjit\core\zonehash.cpp">
      <Filter>asmjit\core</Filter>
    </ClCompile>
    <ClCompile Include="..\asmjit\src\asmjit\core\zonelist.cpp">
      <Filter>asmjit\core</Filter>
    </ClCompile>
    <ClCompile Include="..\asmjit\src\asmjit\core\zonestack.cpp">
      <Filter>asmjit\core</Filter>
    </ClCompile>
    <ClCompile Include="..\asmjit\src\asmjit\core\zonetree.cpp">
      <Filter>asmjit\core</Filter>
    </ClCompile>
    <ClCompile Include="..\asmjit\src\asmjit\core\zonevector.cpp">
      <Filter>asmjit\core</Filter>
    </ClCompile>
    <ClCompile Include="..\asmjit\src\asmjit\x86\x86assembler.cpp">
      <Filter>asmjit\x86</Filter>
    </ClCompile>
    <ClCompile Include="..\asmjit\src\asmjit\x86\x86builder.cpp">
      <Filter>asmjit\x86</Filter>
    </ClCompile>
    <ClCompile Include="..\asmjit\src\asmjit\x86\x86compiler.cpp">
      <Filter>asmjit\x86</Filter>
    </ClCompile>
    <ClCompile Include="..\asmjit\src\asmjit\x86\x86emithelper.cpp">
      <Filter>asmjit\x86</Filter>
    </ClCompile>
    <ClCompile Include="..\asmjit\src\asmjit\x86\x86formatter.cpp">
      <Filter>asmjit\x86</Filter>
    </ClCompile>
    <ClCompile Include="..\asmjit\src\asmjit\x86\x86func.cpp">
      <Filter>asmjit\x86</Filter>
    </ClCompile>
    <ClCompile Include="..\asmjit\src\asmjit\x86\x86instapi.cpp">
      <Filter>asmjit\x86</Filter>
    </ClCompile>
    <ClCompile Include="..\asmjit\src\asmjit\x86\x86instdb.cpp">
      <Filter>asmjit\x86</Filter>
    </ClCompile>
    <ClCompile Include="..\asmjit\src\asmjit\x86\x86operand.cpp">
      <Filter>asmjit\x86</Filter>
    </ClCompile>
    <ClCompile Include="..\asmjit\src\asmjit\x86\x86rapass.cpp">
      <Filter>asmjit\x86</Filter>
    </ClCompile>
    <ClCompile Include="..\asmjit\src\asmjit\arm\a64assembler.cpp">
      <Filter>asmjit\arm</Filter>
    </ClCompile>
    <ClCompile Include="..\asmjit\src\asmjit\arm\a64builder.cpp">
      <Filter>asmjit\arm</Filter>
    </ClCompile>
    <ClCompile Include="..\asmjit\src\asmjit\arm\a64compiler.cpp">
      <Filter>asmjit\arm</Filter>
    </ClCompile>
    <ClCompile Include="..\asmjit\src\asmjit\arm\a64emithelper.cpp">
      <Filter>asmjit\arm</Filter>
    </ClCompile>
    <ClCompile Include="..\asmjit\src\asmjit\arm\a64formatter.cpp">
      <Filter>asmjit\arm</Filter>
    </ClCompile>
    <ClCompile Include="..\asmjit\src\asmjit\arm\a64func.cpp">
      <Filter>asmjit\arm</Filter>
    </ClCompile>
    <ClCompile Include="..\asmjit\src\asmjit\arm\a64instapi.cpp">
      <Filter>asmjit\arm</Filter>
    </ClCompile>
    <ClCompile Include="..\asmjit\src\asmjit\arm\a64instdb.cpp">
      <Filter>asmjit\arm</Filter>
    </ClCompile>
    <ClCompile Include="..\asmjit\src\asmjit\arm\a64operand.cpp">
      <Filter>asmjit\arm</Filter>
    </ClCompile>
    <ClCompile Include="..\asmjit\src\asmjit\arm\a64rapass.cpp">
      <Filter>asmjit\arm</Filter>
    </ClCompile>
    <ClCompile Include="..\asmjit\src\asmjit\arm\armformatter.cpp">
      <Filter>asmjit\arm</Filter>
    </ClCompile>
  </ItemGroup>
  <ItemGroup>
    <ClInclude Include="emulator\emulator.hpp">
      <Filter>Emulator</Filter>
    </ClInclude>
    <ClInclude Include="emulator\rwx_allocator.hpp">
      <Filter>Emulator</Filter>
    </ClInclude>
    <ClInclude Include="demo_compiler.hpp" />
    <ClInclude Include="vmprotect\architecture.hpp">
      <Filter>VMProtect</Filter>
    </ClInclude>
    <ClInclude Include="vmprotect\deobfuscator.hpp">
      <Filter>VMProtect</Filter>
    </ClInclude>
    <ClInclude Include="vmprotect\il2vtil.hpp">
      <Filter>VMProtect</Filter>
    </ClInclude>
    <ClInclude Include="vmprotect\image_desc.hpp">
      <Filter>VMProtect</Filter>
    </ClInclude>
    <ClInclude Include="vmprotect\rkey.hpp">
      <Filter>VMProtect</Filter>
    </ClInclude>
    <ClInclude Include="vmprotect\subroutines.hpp">
      <Filter>VMProtect</Filter>
    </ClInclude>
    <ClInclude Include="vmprotect\vm_state.hpp">
      <Filter>VMProtect</Filter>
    </ClInclude>
    <ClInclude Include="vmprotect\vtil_lifter.hpp">
      <Filter>VMProtect</Filter>
    </ClInclude>
    <ClInclude Include="resource.h" />
    <ClInclude Include="asmjit_compiler.hpp" />
    <ClInclude Include="..\asmjit\src\asmjit\a64.h">
      <Filter>asmjit</Filter>
    </ClInclude>
    <ClInclude Include="..\asmjit\src\asmjit\arm.h">
      <Filter>asmjit</Filter>
    </ClInclude>
    <ClInclude Include="..\asmjit\src\asmjit\asmjit.h">
      <Filter>asmjit</Filter>
    </ClInclude>
    <ClInclude Include="..\asmjit\src\asmjit\asmjit-scope-begin.h">
      <Filter>asmjit</Filter>
    </ClInclude>
    <ClInclude Include="..\asmjit\src\asmjit\asmjit-scope-end.h">
      <Filter>asmjit</Filter>
    </ClInclude>
    <ClInclude Include="..\asmjit\src\asmjit\core.h">
      <Filter>asmjit</Filter>
    </ClInclude>
    <ClInclude Include="..\asmjit\src\asmjit\x86.h">
      <Filter>asmjit</Filter>
    </ClInclude>
    <ClInclude Include="..\asmjit\src\asmjit\core\api-build_p.h">
      <Filter>asmjit\core</Filter>
    </ClInclude>
    <ClInclude Include="..\asmjit\src\asmjit\core\api-config.h">
      <Filter>asmjit\core</Filter>
    </ClInclude>
    <ClInclude Include="..\asmjit\src\asmjit\core\archcommons.h">
      <Filter>asmjit\core</Filter>
    </ClInclude>
    <ClInclude Include="..\asmjit\src\asmjit\core\archtraits.h">
      <Filter>asmjit\core</Filter>
    </ClInclude>
    <ClInclude Include="..\asmjit\src\asmjit\core\assembler.h">
      <Filter>asmjit\core</Filter>
    </ClInclude>
    <ClInclude Include="..\asmjit\src\asmjit\core\builder.h">
      <Filter>asmjit\core</Filter>
    </ClInclude>
    <ClInclude Include="..\asmjit\src\asmjit\core\codebuffer.h">
      <Filter>asmjit\core</Filter>
    </ClInclude>
    <ClInclude Include="..\asmjit\src\asmjit\core\codeholder.h">
      <Filter>asmjit\core</Filter>
    </ClInclude>
    <ClInclude Include="..\asmjit\src\asmjit\core\codewriter_p.h">
      <Filter>asmjit\core</Filter>
    </ClInclude>
    <ClInclude Include="..\asmjit\src\asmjit\core\compiler.h">
      <Filter>asmjit\core</Filter>
    </ClInclude>
    <ClInclude Include="..\asmjit\src\asmjit\core\compilerdefs.h">
      <Filter>asmjit\core</Filter>
    </ClInclude>
    <ClInclude Include="..\asmjit\src\asmjit\core\constpool.h">
      <Filter>asmjit\core</Filter>
    </ClInclude>
    <ClInclude Include="..\asmjit\src\asmjit\core\cpuinfo.h">
      <Filter>asmjit\core</Filter>
    </ClInclude>
    <ClInclude Include="..\asmjit\src\asmjit\core\emithelper_p.h">
      <Filter>asmjit\core</Filter>
    </ClInclude>
    <ClInclude Include="..\asmjit\src\asmjit\core\emitter.h">
      <Filter>asmjit\core</Filter>
    </ClInclude>
    <ClInclude Include="..\asmjit\src\asmjit\core\emitterutils_p.h">
      <Filter>asmjit\core</Filter>
    </ClInclude>
    <ClInclude Include="..\asmjit\src\asmjit\core\environment.h">
      <Filter>asmjit\core</Filter>
    </ClInclude>
    <ClInclude Include="..\asmjit\src\asmjit\core\errorhandler.h">
      <Filter>asmjit\core</Filter>
    </ClInclude>
    <ClInclude Include="..\asmjit\src\asmjit\core\formatter.h">
      <Filter>asmjit\core</Filter>
    </ClInclude>
    <ClInclude Include="..\asmjit\src\asmjit\core\formatter_p.h">
      <Filter>asmjit\core</Filter>
    </ClInclude>
    <ClInclude Include="..\asmjit\src\asmjit\core\func.h">
      <Filter>asmjit\core</Filter>
    </ClInclude>
    <ClInclude Include="..\asmjit\src\asmjit\core\funcargscontext_p.h">
      <Filter>asmjit\core</Filter>
    </ClInclude>
    <ClInclude Include="..\asmjit\src\asmjit\core\globals.h">
      <Filter>asmjit\core</Filter>
    </ClInclude>
    <ClInclude Include="..\asmjit\src\asmjit\core\inst.h">
      <Filter>asmjit\core</Filter>
    </ClInclude>
    <ClInclude Include="..\asmjit\src\asmjit\core\jitallocator.h">
      <Filter>asmjit\core</Filter>
    </ClInclude>
    <ClInclude Include="..\asmjit\src\asmjit\core\jitruntime.h">
      <Filter>asmjit\core</Filter>
    </ClInclude>
    <ClInclude Include="..\asmjit\src\asmjit\core\logger.h">
      <Filter>asmjit\core</Filter>
    </ClInclude>
    <ClInclude Include="..\asmjit\src\asmjit\core\misc_p.h">
      <Filter>asmjit\core</Filter>
    </ClInclude>
    <ClInclude Include="..\asmjit\src\asmjit\core\operand.h">
      <Filter>asmjit\core</Filter>
    </ClInclude>
    <ClInclude Include="..\asmjit\src\asmjit\core\osutils.h">
      <Filter>asmjit\core</Filter>
    </ClInclude>
    <ClInclude Include="..\asmjit\src\asmjit\core\osutils_p.h">
      <Filter>asmjit\core</Filter>
    </ClInclude>
    <ClInclude Include="..\asmjit\src\asmjit\core\raassignment_p.h">
      <Filter>asmjit\core</Filter>
    </ClInclude>
    <ClInclude Include="..\asmjit\src\asmjit\core\rabuilders_p.h">
      <Filter>asmjit\core</Filter>
    </ClInclude>
    <ClInclude Include="..\asmjit\src\asmjit\core\radefs_p.h">
      <Filter>asmjit\core</Filter>
    </ClInclude>
    <ClInclude Include="..\asmjit\src\asmjit\core\ralocal_p.h">
      <Filter>asmjit\core</Filter>
    </ClInclude>
    <ClInclude Include="..\asmjit\src\asmjit\core\rapass_p.h">
      <Filter>asmjit\core</Filter>
    </ClInclude>
    <ClInclude Include="..\asmjit\src\asmjit\core\rastack_p.h">
      <Filter>asmjit\core</Filter>
    </ClInclude>
    <ClInclude Include="..\asmjit\src\asmjit\core\string.h">
      <Filter>asmjit\core</Filter>
    </ClInclude>
    <ClInclude Include="..\asmjit\src\asmjit\core\support.h">
      <Filter>asmjit\core</Filter>
    </ClInclude>
    <ClInclude Include="..\asmjit\src\asmjit\core\target.h">
      <Filter>asmjit\core</Filter>
    </ClInclude>
    <ClInclude Include="..\asmjit\src\asmjit\core\type.h">
      <Filter>asmjit\core</Filter>
    </ClInclude>
    <ClInclude Include="..\asmjit\src\asmjit\core\virtmem.h">
      <Filter>asmjit\core</Filter>
    </ClInclude>
    <ClInclude Include="..\asmjit\src\asmjit\core\zone.h">
      <Filter>asmjit\core</Filter>
    </ClInclude>
    <ClInclude Include="..\asmjit\src\asmjit\core\zonehash.h">
      <Filter>asmjit\core</Filter>
    </ClInclude>
    <ClInclude Include="..\asmjit\src\asmjit\core\zonelist.h">
      <Filter>asmjit\core</Filter>
    </ClInclude>
    <ClInclude Include="..\asmjit\src\asmjit\core\zonestack.h">
      <Filter>asmjit\core</Filter>
    </ClInclude>
    <ClInclude Include="..\asmjit\src\asmjit\core\zonestring.h">
      <Filter>asmjit\core</Filter>
    </ClInclude>
    <ClInclude Include="..\asmjit\src\asmjit\core\zonetree.h">
      <Filter>asmjit\core</Filter>
    </ClInclude>
    <ClInclude Include="..\asmjit\src\asmjit\core\zonevector.h">
      <Filter>asmjit\core</Filter>
    </ClInclude>
    <ClInclude Include="..\asmjit\src\asmjit\x86\x86archtraits_p.h">
      <Filter>asmjit\x86</Filter>
    </ClInclude>
    <ClInclude Include="..\asmjit\src\asmjit\x86\x86assembler.h">
      <Filter>asmjit\x86</Filter>
    </ClInclude>
    <ClInclude Include="..\asmjit\src\asmjit\x86\x86builder.h">
      <Filter>asmjit\x86</Filter>
    </ClInclude>
    <ClInclude Include="..\asmjit\src\asmjit\x86\x86compiler.h">
      <Filter>asmjit\x86</Filter>
    </ClInclude>
    <ClInclude Include="..\asmjit\src\asmjit\x86\x86emithelper_p.h">
      <Filter>asmjit\x86</Filter>
    </ClInclude>
    <ClInclude Include="..\asmjit\src\asmjit\x86\x86emitter.h">
      <Filter>asmjit\x86</Filter>
    </ClInclude>
    <ClInclude Include="..\asmjit\src\asmjit\x86\x86formatter_p.h">
      <Filter>asmjit\x86</Filter>
    </ClInclude>
    <ClInclude Include="..\asmjit\src\asmjit\x86\x86func_p.h">
      <Filter>asmjit\x86</Filter>
    </ClInclude>
    <ClInclude Include="..\asmjit\src\asmjit\x86\x86globals.h">
      <Filter>asmjit\x86</Filter>
    </ClInclude>
    <ClInclude Include="..\asmjit\src\asmjit\x86\x86instapi_p.h">
      <Filter>asmjit\x86</Filter>
    </ClInclude>
    <ClInclude Include="..\asmjit\src\asmjit\x86\x86instdb.h">
      <Filter>asmjit\x86</Filter>
    </ClInclude>
    <ClInclude Include="..\asmjit\src\asmjit\x86\x86instdb_p.h">
      <Filter>asmjit\x86</Filter>
    </ClInclude>
    <ClInclude Include="..\asmjit\src\asmjit\x86\x86opcode_p.h">
      <Filter>asmjit\x86</Filter>
    </ClInclude>
    <ClInclude Include="..\asmjit\src\asmjit\x86\x86operand.h">
      <Filter>asmjit\x86</Filter>
    </ClInclude>
    <ClInclude Include="..\asmjit\src\asmjit\x86\x86rapass_p.h">
      <Filter>asmjit\x86</Filter>
    </ClInclude>
    <ClInclude Include="..\asmjit\src\asmjit\arm\a64archtraits_p.h">
      <Filter>asmjit\arm</Filter>
    </ClInclude>
    <ClInclude Include="..\asmjit\src\asmjit\arm\a64assembler.h">
      <Filter>asmjit\arm</Filter>
    </ClInclude>
    <ClInclude Include="..\asmjit\src\asmjit\arm\a64builder.h">
      <Filter>asmjit\arm</Filter>
    </ClInclude>
    <ClInclude Include="..\asmjit\src\asmjit\arm\a64compiler.h">
      <Filter>asmjit\arm</Filter>
    </ClInclude>
    <ClInclude Include="..\asmjit\src\asmjit\arm\a64emithelper_p.h">
      <Filter>asmjit\arm</Filter>
    </ClInclude>
    <ClInclude Include="..\asmjit\src\asmjit\arm\a64emitter.h">
      <Filter>asmjit\arm</Filter>
    </ClInclude>
    <ClInclude Include="..\asmjit\src\asmjit\arm\a64formatter_p.h">
      <Filter>asmjit\arm</Filter>
    </ClInclude>
    <ClInclude Include="..\asmjit\src\asmjit\arm\a64func_p.h">
      <Filter>asmjit\arm</Filter>
    </ClInclude>
    <ClInclude Include="..\asmjit\src\asmjit\arm\a64globals.h">
      <Filter>asmjit\arm</Filter>
    </ClInclude>
    <ClInclude Include="..\asmjit\src\asmjit\arm\a64instapi_p.h">
      <Filter>asmjit\arm</Filter>
    </ClInclude>
    <ClInclude Include="..\asmjit\src\asmjit\arm\a64instdb.h">
      <Filter>asmjit\arm</Filter>
    </ClInclude>
    <ClInclude Include="..\asmjit\src\asmjit\arm\a64instdb_p.h">
      <Filter>asmjit\arm</Filter>
    </ClInclude>
    <ClInclude Include="..\asmjit\src\asmjit\arm\a64operand.h">
      <Filter>asmjit\arm</Filter>
    </ClInclude>
    <ClInclude Include="..\asmjit\src\asmjit\arm\a64rapass_p.h">
      <Filter>asmjit\arm</Filter>
    </ClInclude>
    <ClInclude Include="..\asmjit\src\asmjit\arm\a64utils.h">
      <Filter>asmjit\arm</Filter>
    </ClInclude>
    <ClInclude Include="..\asmjit\src\asmjit\arm\armformatter_p.h">
      <Filter>asmjit\arm</Filter>
    </ClInclude>
    <ClInclude Include="..\asmjit\src\asmjit\arm\armglobals.h">
      <Filter>asmjit\arm</Filter>
    </ClInclude>
    <ClInclude Include="..\asmjit\src\asmjit\arm\armoperand.h">
      <Filter>asmjit\arm</Filter>
    </ClInclude>
  </ItemGroup>
  <ItemGroup>
    <None Include="NoVmp.licenseheader" />
  </ItemGroup>
  <ItemGroup>
    <ResourceCompile Include="NoVmp.rc" />
  </ItemGroup>
  <ItemGroup>
    <Image Include="logo.ico" />
  </ItemGroup>
</Project>